// !$*UTF8*$!
{
	archiveVersion = 1;
	classes = {
	};
	objectVersion = 63;
	objects = {

/* Begin PBXBuildFile section */
		10E68BB889356219189E38EC /* BitchatApp.swift in Sources */ = {isa = PBXBuildFile; fileRef = EF625BB3AD919322C01A46B2 /* BitchatApp.swift */; };
		1D9674FA5F998503831DC281 /* ContentView.swift in Sources */ = {isa = PBXBuildFile; fileRef = A08E03AA0C63E97C91749AEC /* ContentView.swift */; };
		4B747085D07A1BCE0F5BA612 /* BinaryProtocol.swift in Sources */ = {isa = PBXBuildFile; fileRef = A2136C3E22D02D4A8DBE7EAB /* BinaryProtocol.swift */; };
		61C81ED5F679D5E973EE0C07 /* NotificationService.swift in Sources */ = {isa = PBXBuildFile; fileRef = 3448F84BF86A42A3CC4A9379 /* NotificationService.swift */; };
		6DE056E1EE9850E9FBF50157 /* BitchatProtocol.swift in Sources */ = {isa = PBXBuildFile; fileRef = 229F17B68CFF7AB1BC91C847 /* BitchatProtocol.swift */; };
		6E7761E21C99F28AE2F9BE5F /* BitchatApp.swift in Sources */ = {isa = PBXBuildFile; fileRef = EF625BB3AD919322C01A46B2 /* BitchatApp.swift */; };
		739429DFDE5C5829CF70DA7D /* EncryptionService.swift in Sources */ = {isa = PBXBuildFile; fileRef = 6DC1563390A15C042D059CF9 /* EncryptionService.swift */; };
		749D8CF8A362B6CD0786782D /* NotificationService.swift in Sources */ = {isa = PBXBuildFile; fileRef = 3448F84BF86A42A3CC4A9379 /* NotificationService.swift */; };
		7576A357B278E5733E9D9F33 /* ChatViewModel.swift in Sources */ = {isa = PBXBuildFile; fileRef = E6B8F7B7D55092C2540A7996 /* ChatViewModel.swift */; };
		7A50E2F04A3515A7E90EEAE4 /* BluetoothMeshService.swift in Sources */ = {isa = PBXBuildFile; fileRef = D5C3D880FF8AE1673B20E1E3 /* BluetoothMeshService.swift */; };
		7DD72D928FF9DD3CA81B46B0 /* Assets.xcassets in Resources */ = {isa = PBXBuildFile; fileRef = 3A69677D382F1C3D5ED03F7D /* Assets.xcassets */; };
		923027D6F2F417AFA2488127 /* BitchatProtocol.swift in Sources */ = {isa = PBXBuildFile; fileRef = 229F17B68CFF7AB1BC91C847 /* BitchatProtocol.swift */; };
		92D34E7A07C990C8A815B0CE /* ContentView.swift in Sources */ = {isa = PBXBuildFile; fileRef = A08E03AA0C63E97C91749AEC /* ContentView.swift */; };
		ABAF130D88561F4A646F0430 /* AppInfoView.swift in Sources */ = {isa = PBXBuildFile; fileRef = 763E0DBA9492A654FC0CDCB9 /* AppInfoView.swift */; };
		AD11E46940D742AEAF547EB2 /* AppInfoView.swift in Sources */ = {isa = PBXBuildFile; fileRef = 763E0DBA9492A654FC0CDCB9 /* AppInfoView.swift */; };
		BCCFEDC1EBE59323C3C470BF /* Assets.xcassets in Resources */ = {isa = PBXBuildFile; fileRef = 3A69677D382F1C3D5ED03F7D /* Assets.xcassets */; };
		D450CF41F207BDE1A1AAA56E /* ChatViewModel.swift in Sources */ = {isa = PBXBuildFile; fileRef = E6B8F7B7D55092C2540A7996 /* ChatViewModel.swift */; };
		D948085736ED8E736C1DE3B0 /* BluetoothMeshService.swift in Sources */ = {isa = PBXBuildFile; fileRef = D5C3D880FF8AE1673B20E1E3 /* BluetoothMeshService.swift */; };
		DDA1DFAB1FF7AADE52DC0F53 /* EncryptionService.swift in Sources */ = {isa = PBXBuildFile; fileRef = 6DC1563390A15C042D059CF9 /* EncryptionService.swift */; };
		F455F011B3B648ADA233F998 /* BinaryProtocol.swift in Sources */ = {isa = PBXBuildFile; fileRef = A2136C3E22D02D4A8DBE7EAB /* BinaryProtocol.swift */; };
/* End PBXBuildFile section */

/* Begin PBXFileReference section */
		229F17B68CFF7AB1BC91C847 /* BitchatProtocol.swift */ = {isa = PBXFileReference; lastKnownFileType = sourcecode.swift; path = BitchatProtocol.swift; sourceTree = "<group>"; };
		3448F84BF86A42A3CC4A9379 /* NotificationService.swift */ = {isa = PBXFileReference; lastKnownFileType = sourcecode.swift; path = NotificationService.swift; sourceTree = "<group>"; };
		3A69677D382F1C3D5ED03F7D /* Assets.xcassets */ = {isa = PBXFileReference; lastKnownFileType = folder.assetcatalog; path = Assets.xcassets; sourceTree = "<group>"; };
		6DC1563390A15C042D059CF9 /* EncryptionService.swift */ = {isa = PBXFileReference; lastKnownFileType = sourcecode.swift; path = EncryptionService.swift; sourceTree = "<group>"; };
		763E0DBA9492A654FC0CDCB9 /* AppInfoView.swift */ = {isa = PBXFileReference; lastKnownFileType = sourcecode.swift; path = AppInfoView.swift; sourceTree = "<group>"; };
		7EEBDA723E1CFD88758DA4AC /* bitchat.app */ = {isa = PBXFileReference; explicitFileType = wrapper.application; includeInIndex = 0; path = bitchat.app; sourceTree = BUILT_PRODUCTS_DIR; };
		997D512074C64904D75DDD40 /* bitchat.app */ = {isa = PBXFileReference; explicitFileType = wrapper.application; includeInIndex = 0; path = bitchat.app; sourceTree = BUILT_PRODUCTS_DIR; };
		A08E03AA0C63E97C91749AEC /* ContentView.swift */ = {isa = PBXFileReference; lastKnownFileType = sourcecode.swift; path = ContentView.swift; sourceTree = "<group>"; };
		A2136C3E22D02D4A8DBE7EAB /* BinaryProtocol.swift */ = {isa = PBXFileReference; lastKnownFileType = sourcecode.swift; path = BinaryProtocol.swift; sourceTree = "<group>"; };
		D5C3D880FF8AE1673B20E1E3 /* BluetoothMeshService.swift */ = {isa = PBXFileReference; lastKnownFileType = sourcecode.swift; path = BluetoothMeshService.swift; sourceTree = "<group>"; };
		E6B8F7B7D55092C2540A7996 /* ChatViewModel.swift */ = {isa = PBXFileReference; lastKnownFileType = sourcecode.swift; path = ChatViewModel.swift; sourceTree = "<group>"; };
		EA706D8E5097785414646A8E /* Info.plist */ = {isa = PBXFileReference; lastKnownFileType = text.plist; path = Info.plist; sourceTree = "<group>"; };
		EF625BB3AD919322C01A46B2 /* BitchatApp.swift */ = {isa = PBXFileReference; lastKnownFileType = sourcecode.swift; path = BitchatApp.swift; sourceTree = "<group>"; };
/* End PBXFileReference section */

/* Begin PBXGroup section */
		18198ED912AAF495D8AF7763 = {
			isa = PBXGroup;
			children = (
				2F82C5FC8433F4064F079D1F /* bitchat */,
				9F37F9F2C353B58AC809E93B /* Products */,
			);
			sourceTree = "<group>";
		};
		2F82C5FC8433F4064F079D1F /* bitchat */ = {
			isa = PBXGroup;
			children = (
				3A69677D382F1C3D5ED03F7D /* Assets.xcassets */,
				EF625BB3AD919322C01A46B2 /* BitchatApp.swift */,
				EA706D8E5097785414646A8E /* Info.plist */,
				ADD53BCDA233C02E53458926 /* Protocols */,
				D98A3186D7E4C72E35BDF7FE /* Services */,
				45BB7D87CAE42A8C0447D909 /* ViewModels */,
				A55126E93155456CAA8D6656 /* Views */,
			);
			path = bitchat;
			sourceTree = "<group>";
		};
		45BB7D87CAE42A8C0447D909 /* ViewModels */ = {
			isa = PBXGroup;
			children = (
				E6B8F7B7D55092C2540A7996 /* ChatViewModel.swift */,
			);
			path = ViewModels;
			sourceTree = "<group>";
		};
		9F37F9F2C353B58AC809E93B /* Products */ = {
			isa = PBXGroup;
			children = (
				997D512074C64904D75DDD40 /* bitchat.app */,
				7EEBDA723E1CFD88758DA4AC /* bitchat.app */,
			);
			name = Products;
			sourceTree = "<group>";
		};
		A55126E93155456CAA8D6656 /* Views */ = {
			isa = PBXGroup;
			children = (
				763E0DBA9492A654FC0CDCB9 /* AppInfoView.swift */,
				A08E03AA0C63E97C91749AEC /* ContentView.swift */,
			);
			path = Views;
			sourceTree = "<group>";
		};
		ADD53BCDA233C02E53458926 /* Protocols */ = {
			isa = PBXGroup;
			children = (
				A2136C3E22D02D4A8DBE7EAB /* BinaryProtocol.swift */,
				229F17B68CFF7AB1BC91C847 /* BitchatProtocol.swift */,
			);
			path = Protocols;
			sourceTree = "<group>";
		};
		D98A3186D7E4C72E35BDF7FE /* Services */ = {
			isa = PBXGroup;
			children = (
				D5C3D880FF8AE1673B20E1E3 /* BluetoothMeshService.swift */,
				6DC1563390A15C042D059CF9 /* EncryptionService.swift */,
				3448F84BF86A42A3CC4A9379 /* NotificationService.swift */,
			);
			path = Services;
			sourceTree = "<group>";
		};
/* End PBXGroup section */

/* Begin PBXNativeTarget section */
		0576A29205865664C0937536 /* bitchat_macOS */ = {
			isa = PBXNativeTarget;
			buildConfigurationList = DA5644925338B8189B035657 /* Build configuration list for PBXNativeTarget "bitchat_macOS" */;
			buildPhases = (
				137ABE739BF20ACDDF8CC605 /* Sources */,
				0214973A876129753D39EB47 /* Resources */,
			);
			buildRules = (
			);
			dependencies = (
			);
			name = bitchat_macOS;
			packageProductDependencies = (
			);
			productName = bitchat_macOS;
			productReference = 7EEBDA723E1CFD88758DA4AC /* bitchat.app */;
			productType = "com.apple.product-type.application";
		};
		AF077EA0474EDEDE2C72716C /* bitchat_iOS */ = {
			isa = PBXNativeTarget;
			buildConfigurationList = 53EADEF7546F94DDF82271B9 /* Build configuration list for PBXNativeTarget "bitchat_iOS" */;
			buildPhases = (
				4E49E34F00154C051AE90FED /* Sources */,
				CD6E8F32BC38357473954F97 /* Resources */,
			);
			buildRules = (
			);
			dependencies = (
			);
			name = bitchat_iOS;
			packageProductDependencies = (
			);
			productName = bitchat_iOS;
			productReference = 997D512074C64904D75DDD40 /* bitchat.app */;
			productType = "com.apple.product-type.application";
		};
/* End PBXNativeTarget section */

/* Begin PBXProject section */
		475D96681D0EA0AE57A4E06E /* Project object */ = {
			isa = PBXProject;
			attributes = {
				BuildIndependentTargetsInParallel = YES;
				LastUpgradeCheck = 1430;
				TargetAttributes = {
					0576A29205865664C0937536 = {
						ProvisioningStyle = Automatic;
					};
					AF077EA0474EDEDE2C72716C = {
						ProvisioningStyle = Automatic;
					};
				};
			};
			buildConfigurationList = 3EA424CBD51200895D361189 /* Build configuration list for PBXProject "bitchat" */;
			compatibilityVersion = "Xcode 14.0";
			developmentRegion = en;
			hasScannedForEncodings = 0;
			knownRegions = (
				Base,
				en,
			);
			mainGroup = 18198ED912AAF495D8AF7763;
			minimizedProjectReferenceProxies = 1;
			projectDirPath = "";
			projectRoot = "";
			targets = (
				AF077EA0474EDEDE2C72716C /* bitchat_iOS */,
				0576A29205865664C0937536 /* bitchat_macOS */,
			);
		};
/* End PBXProject section */

/* Begin PBXResourcesBuildPhase section */
		0214973A876129753D39EB47 /* Resources */ = {
			isa = PBXResourcesBuildPhase;
			buildActionMask = 2147483647;
			files = (
				7DD72D928FF9DD3CA81B46B0 /* Assets.xcassets in Resources */,
			);
			runOnlyForDeploymentPostprocessing = 0;
		};
		CD6E8F32BC38357473954F97 /* Resources */ = {
			isa = PBXResourcesBuildPhase;
			buildActionMask = 2147483647;
			files = (
				BCCFEDC1EBE59323C3C470BF /* Assets.xcassets in Resources */,
			);
			runOnlyForDeploymentPostprocessing = 0;
		};
/* End PBXResourcesBuildPhase section */

/* Begin PBXSourcesBuildPhase section */
		137ABE739BF20ACDDF8CC605 /* Sources */ = {
			isa = PBXSourcesBuildPhase;
			buildActionMask = 2147483647;
			files = (
				AD11E46940D742AEAF547EB2 /* AppInfoView.swift in Sources */,
				4B747085D07A1BCE0F5BA612 /* BinaryProtocol.swift in Sources */,
				6E7761E21C99F28AE2F9BE5F /* BitchatApp.swift in Sources */,
				923027D6F2F417AFA2488127 /* BitchatProtocol.swift in Sources */,
				7A50E2F04A3515A7E90EEAE4 /* BluetoothMeshService.swift in Sources */,
				D450CF41F207BDE1A1AAA56E /* ChatViewModel.swift in Sources */,
				92D34E7A07C990C8A815B0CE /* ContentView.swift in Sources */,
				739429DFDE5C5829CF70DA7D /* EncryptionService.swift in Sources */,
				749D8CF8A362B6CD0786782D /* NotificationService.swift in Sources */,
			);
			runOnlyForDeploymentPostprocessing = 0;
		};
		4E49E34F00154C051AE90FED /* Sources */ = {
			isa = PBXSourcesBuildPhase;
			buildActionMask = 2147483647;
			files = (
				ABAF130D88561F4A646F0430 /* AppInfoView.swift in Sources */,
				F455F011B3B648ADA233F998 /* BinaryProtocol.swift in Sources */,
				10E68BB889356219189E38EC /* BitchatApp.swift in Sources */,
				6DE056E1EE9850E9FBF50157 /* BitchatProtocol.swift in Sources */,
				D948085736ED8E736C1DE3B0 /* BluetoothMeshService.swift in Sources */,
				7576A357B278E5733E9D9F33 /* ChatViewModel.swift in Sources */,
				1D9674FA5F998503831DC281 /* ContentView.swift in Sources */,
				DDA1DFAB1FF7AADE52DC0F53 /* EncryptionService.swift in Sources */,
				61C81ED5F679D5E973EE0C07 /* NotificationService.swift in Sources */,
			);
			runOnlyForDeploymentPostprocessing = 0;
		};
/* End PBXSourcesBuildPhase section */

/* Begin XCBuildConfiguration section */
		702E7395723CADA4B830F4A9 /* Debug */ = {
			isa = XCBuildConfiguration;
			buildSettings = {
				ASSETCATALOG_COMPILER_APPICON_NAME = AppIcon;
				ASSETCATALOG_COMPILER_INCLUDE_ALL_APPICON_ASSETS = YES;
				CODE_SIGNING_ALLOWED = YES;
				CODE_SIGNING_REQUIRED = YES;
				CODE_SIGN_IDENTITY = "iPhone Developer";
				CODE_SIGN_STYLE = Automatic;
				DEVELOPMENT_TEAM = L3N5LHJD5Y;
				ENABLE_PREVIEWS = YES;
				INFOPLIST_FILE = bitchat/Info.plist;
				INFOPLIST_KEY_CFBundleDisplayName = bitchat;
				INFOPLIST_KEY_LSApplicationCategoryType = "public.app-category.social-networking";
				IPHONEOS_DEPLOYMENT_TARGET = 16.0;
				LD_RUNPATH_SEARCH_PATHS = (
					"$(inherited)",
					"@executable_path/Frameworks",
				);
				MACOSX_DEPLOYMENT_TARGET = 13.0;
				PRODUCT_BUNDLE_IDENTIFIER = chat.bitchat;
				PRODUCT_NAME = bitchat;
				SDKROOT = iphoneos;
				SUPPORTED_PLATFORMS = "iphoneos iphonesimulator";
				SUPPORTS_MACCATALYST = NO;
				SUPPORTS_MAC_DESIGNED_FOR_IPHONE_IPAD = NO;
				SUPPORTS_XR_DESIGNED_FOR_IPHONE_IPAD = NO;
				SWIFT_VERSION = 5.0;
				TARGETED_DEVICE_FAMILY = 1;
			};
			name = Debug;
		};
		B36671AEACCBF92BE10852E9 /* Release */ = {
			isa = XCBuildConfiguration;
			buildSettings = {
				ASSETCATALOG_COMPILER_APPICON_NAME = AppIcon;
				ASSETCATALOG_COMPILER_INCLUDE_ALL_APPICON_ASSETS = YES;
				CODE_SIGNING_ALLOWED = YES;
				CODE_SIGNING_REQUIRED = YES;
				CODE_SIGN_IDENTITY = "iPhone Developer";
				CODE_SIGN_STYLE = Automatic;
				DEVELOPMENT_TEAM = L3N5LHJD5Y;
				ENABLE_PREVIEWS = YES;
				INFOPLIST_FILE = bitchat/Info.plist;
				INFOPLIST_KEY_CFBundleDisplayName = bitchat;
				INFOPLIST_KEY_LSApplicationCategoryType = "public.app-category.social-networking";
				IPHONEOS_DEPLOYMENT_TARGET = 16.0;
				LD_RUNPATH_SEARCH_PATHS = (
					"$(inherited)",
					"@executable_path/Frameworks",
				);
				MACOSX_DEPLOYMENT_TARGET = 13.0;
				PRODUCT_BUNDLE_IDENTIFIER = chat.bitchat;
				PRODUCT_NAME = bitchat;
				SDKROOT = iphoneos;
				SUPPORTED_PLATFORMS = "iphoneos iphonesimulator";
				SUPPORTS_MACCATALYST = NO;
				SUPPORTS_MAC_DESIGNED_FOR_IPHONE_IPAD = NO;
				SUPPORTS_XR_DESIGNED_FOR_IPHONE_IPAD = NO;
				SWIFT_VERSION = 5.0;
				TARGETED_DEVICE_FAMILY = 1;
			};
			name = Release;
		};
		BB044400A0F06B93F22D0D55 /* Release */ = {
			isa = XCBuildConfiguration;
			buildSettings = {
				ASSETCATALOG_COMPILER_APPICON_NAME = AppIcon;
				ASSETCATALOG_COMPILER_INCLUDE_ALL_APPICON_ASSETS = YES;
				CODE_SIGNING_ALLOWED = YES;
				CODE_SIGNING_REQUIRED = YES;
				CODE_SIGN_STYLE = Automatic;
				COMBINE_HIDPI_IMAGES = YES;
				ENABLE_PREVIEWS = YES;
				INFOPLIST_FILE = bitchat/Info.plist;
				IPHONEOS_DEPLOYMENT_TARGET = 16.0;
				LD_RUNPATH_SEARCH_PATHS = (
					"$(inherited)",
					"@executable_path/../Frameworks",
				);
				MACOSX_DEPLOYMENT_TARGET = 13.0;
				PRODUCT_BUNDLE_IDENTIFIER = chat.bitchat;
				PRODUCT_NAME = bitchat;
				SDKROOT = macosx;
				SUPPORTS_MAC_DESIGNED_FOR_IPHONE_IPAD = YES;
				SWIFT_VERSION = 5.0;
			};
			name = Release;
		};
		BF0D85727BCB6E346962F419 /* Release */ = {
			isa = XCBuildConfiguration;
			buildSettings = {
				ALWAYS_SEARCH_USER_PATHS = NO;
				CLANG_ANALYZER_NONNULL = YES;
				CLANG_ANALYZER_NUMBER_OBJECT_CONVERSION = YES_AGGRESSIVE;
				CLANG_CXX_LANGUAGE_STANDARD = "gnu++14";
				CLANG_CXX_LIBRARY = "libc++";
				CLANG_ENABLE_MODULES = YES;
				CLANG_ENABLE_OBJC_ARC = YES;
				CLANG_ENABLE_OBJC_WEAK = YES;
				CLANG_WARN_BLOCK_CAPTURE_AUTORELEASING = YES;
				CLANG_WARN_BOOL_CONVERSION = YES;
				CLANG_WARN_COMMA = YES;
				CLANG_WARN_CONSTANT_CONVERSION = YES;
				CLANG_WARN_DEPRECATED_OBJC_IMPLEMENTATIONS = YES;
				CLANG_WARN_DIRECT_OBJC_ISA_USAGE = YES_ERROR;
				CLANG_WARN_DOCUMENTATION_COMMENTS = YES;
				CLANG_WARN_EMPTY_BODY = YES;
				CLANG_WARN_ENUM_CONVERSION = YES;
				CLANG_WARN_INFINITE_RECURSION = YES;
				CLANG_WARN_INT_CONVERSION = YES;
				CLANG_WARN_NON_LITERAL_NULL_CONVERSION = YES;
				CLANG_WARN_OBJC_IMPLICIT_RETAIN_SELF = YES;
				CLANG_WARN_OBJC_LITERAL_CONVERSION = YES;
				CLANG_WARN_OBJC_ROOT_CLASS = YES_ERROR;
				CLANG_WARN_QUOTED_INCLUDE_IN_FRAMEWORK_HEADER = YES;
				CLANG_WARN_RANGE_LOOP_ANALYSIS = YES;
				CLANG_WARN_STRICT_PROTOTYPES = YES;
				CLANG_WARN_SUSPICIOUS_MOVE = YES;
				CLANG_WARN_UNGUARDED_AVAILABILITY = YES_AGGRESSIVE;
				CLANG_WARN_UNREACHABLE_CODE = YES;
				CLANG_WARN__DUPLICATE_METHOD_MATCH = YES;
				COPY_PHASE_STRIP = NO;
				CURRENT_PROJECT_VERSION = 1;
				DEBUG_INFORMATION_FORMAT = "dwarf-with-dsym";
				ENABLE_NS_ASSERTIONS = NO;
				ENABLE_STRICT_OBJC_MSGSEND = YES;
				GCC_C_LANGUAGE_STANDARD = gnu11;
				GCC_NO_COMMON_BLOCKS = YES;
				GCC_WARN_64_TO_32_BIT_CONVERSION = YES;
				GCC_WARN_ABOUT_RETURN_TYPE = YES_ERROR;
				GCC_WARN_UNDECLARED_SELECTOR = YES;
				GCC_WARN_UNINITIALIZED_AUTOS = YES_AGGRESSIVE;
				GCC_WARN_UNUSED_FUNCTION = YES;
				GCC_WARN_UNUSED_VARIABLE = YES;
				IPHONEOS_DEPLOYMENT_TARGET = 16.0;
				MACOSX_DEPLOYMENT_TARGET = 13.0;
				MARKETING_VERSION = 1.0.0;
				MTL_ENABLE_DEBUG_INFO = NO;
				MTL_FAST_MATH = YES;
				PRODUCT_NAME = "$(TARGET_NAME)";
				SWIFT_COMPILATION_MODE = wholemodule;
				SWIFT_OPTIMIZATION_LEVEL = "-O";
				SWIFT_VERSION = 5.0;
			};
			name = Release;
		};
		CC79F65842D42034ACEE79B7 /* Debug */ = {
			isa = XCBuildConfiguration;
			buildSettings = {
				ASSETCATALOG_COMPILER_APPICON_NAME = AppIcon;
				ASSETCATALOG_COMPILER_INCLUDE_ALL_APPICON_ASSETS = YES;
				CODE_SIGNING_ALLOWED = YES;
				CODE_SIGNING_REQUIRED = YES;
				CODE_SIGN_STYLE = Automatic;
				COMBINE_HIDPI_IMAGES = YES;
				ENABLE_PREVIEWS = YES;
				INFOPLIST_FILE = bitchat/Info.plist;
				IPHONEOS_DEPLOYMENT_TARGET = 16.0;
				LD_RUNPATH_SEARCH_PATHS = (
					"$(inherited)",
					"@executable_path/../Frameworks",
				);
				MACOSX_DEPLOYMENT_TARGET = 13.0;
				PRODUCT_BUNDLE_IDENTIFIER = chat.bitchat;
				PRODUCT_NAME = bitchat;
				SDKROOT = macosx;
				SUPPORTS_MAC_DESIGNED_FOR_IPHONE_IPAD = YES;
				SWIFT_VERSION = 5.0;
			};
			name = Debug;
		};
		D8C5BF109BB2630752185FA0 /* Debug */ = {
			isa = XCBuildConfiguration;
			buildSettings = {
				ALWAYS_SEARCH_USER_PATHS = NO;
				CLANG_ANALYZER_NONNULL = YES;
				CLANG_ANALYZER_NUMBER_OBJECT_CONVERSION = YES_AGGRESSIVE;
				CLANG_CXX_LANGUAGE_STANDARD = "gnu++14";
				CLANG_CXX_LIBRARY = "libc++";
				CLANG_ENABLE_MODULES = YES;
				CLANG_ENABLE_OBJC_ARC = YES;
				CLANG_ENABLE_OBJC_WEAK = YES;
				CLANG_WARN_BLOCK_CAPTURE_AUTORELEASING = YES;
				CLANG_WARN_BOOL_CONVERSION = YES;
				CLANG_WARN_COMMA = YES;
				CLANG_WARN_CONSTANT_CONVERSION = YES;
				CLANG_WARN_DEPRECATED_OBJC_IMPLEMENTATIONS = YES;
				CLANG_WARN_DIRECT_OBJC_ISA_USAGE = YES_ERROR;
				CLANG_WARN_DOCUMENTATION_COMMENTS = YES;
				CLANG_WARN_EMPTY_BODY = YES;
				CLANG_WARN_ENUM_CONVERSION = YES;
				CLANG_WARN_INFINITE_RECURSION = YES;
				CLANG_WARN_INT_CONVERSION = YES;
				CLANG_WARN_NON_LITERAL_NULL_CONVERSION = YES;
				CLANG_WARN_OBJC_IMPLICIT_RETAIN_SELF = YES;
				CLANG_WARN_OBJC_LITERAL_CONVERSION = YES;
				CLANG_WARN_OBJC_ROOT_CLASS = YES_ERROR;
				CLANG_WARN_QUOTED_INCLUDE_IN_FRAMEWORK_HEADER = YES;
				CLANG_WARN_RANGE_LOOP_ANALYSIS = YES;
				CLANG_WARN_STRICT_PROTOTYPES = YES;
				CLANG_WARN_SUSPICIOUS_MOVE = YES;
				CLANG_WARN_UNGUARDED_AVAILABILITY = YES_AGGRESSIVE;
				CLANG_WARN_UNREACHABLE_CODE = YES;
				CLANG_WARN__DUPLICATE_METHOD_MATCH = YES;
				COPY_PHASE_STRIP = NO;
				CURRENT_PROJECT_VERSION = 1;
				DEBUG_INFORMATION_FORMAT = dwarf;
				ENABLE_STRICT_OBJC_MSGSEND = YES;
				ENABLE_TESTABILITY = YES;
				GCC_C_LANGUAGE_STANDARD = gnu11;
				GCC_DYNAMIC_NO_PIC = NO;
				GCC_NO_COMMON_BLOCKS = YES;
				GCC_OPTIMIZATION_LEVEL = 0;
				GCC_PREPROCESSOR_DEFINITIONS = (
					"$(inherited)",
					"DEBUG=1",
				);
				GCC_WARN_64_TO_32_BIT_CONVERSION = YES;
				GCC_WARN_ABOUT_RETURN_TYPE = YES_ERROR;
				GCC_WARN_UNDECLARED_SELECTOR = YES;
				GCC_WARN_UNINITIALIZED_AUTOS = YES_AGGRESSIVE;
				GCC_WARN_UNUSED_FUNCTION = YES;
				GCC_WARN_UNUSED_VARIABLE = YES;
				IPHONEOS_DEPLOYMENT_TARGET = 16.0;
				MACOSX_DEPLOYMENT_TARGET = 13.0;
				MARKETING_VERSION = 1.0.0;
				MTL_ENABLE_DEBUG_INFO = INCLUDE_SOURCE;
				MTL_FAST_MATH = YES;
				ONLY_ACTIVE_ARCH = YES;
				PRODUCT_NAME = "$(TARGET_NAME)";
				SWIFT_ACTIVE_COMPILATION_CONDITIONS = DEBUG;
				SWIFT_OPTIMIZATION_LEVEL = "-Onone";
				SWIFT_VERSION = 5.0;
			};
			name = Debug;
		};
/* End XCBuildConfiguration section */

/* Begin XCConfigurationList section */
		3EA424CBD51200895D361189 /* Build configuration list for PBXProject "bitchat" */ = {
			isa = XCConfigurationList;
			buildConfigurations = (
				D8C5BF109BB2630752185FA0 /* Debug */,
				BF0D85727BCB6E346962F419 /* Release */,
			);
			defaultConfigurationIsVisible = 0;
			defaultConfigurationName = Debug;
		};
		53EADEF7546F94DDF82271B9 /* Build configuration list for PBXNativeTarget "bitchat_iOS" */ = {
			isa = XCConfigurationList;
			buildConfigurations = (
				702E7395723CADA4B830F4A9 /* Debug */,
				B36671AEACCBF92BE10852E9 /* Release */,
			);
			defaultConfigurationIsVisible = 0;
			defaultConfigurationName = Debug;
		};
		DA5644925338B8189B035657 /* Build configuration list for PBXNativeTarget "bitchat_macOS" */ = {
			isa = XCConfigurationList;
			buildConfigurations = (
				CC79F65842D42034ACEE79B7 /* Debug */,
				BB044400A0F06B93F22D0D55 /* Release */,
			);
			defaultConfigurationIsVisible = 0;
			defaultConfigurationName = Debug;
		};
/* End XCConfigurationList section */
	};
	rootObject = 475D96681D0EA0AE57A4E06E /* Project object */;
}
